# Generated by tools/lock_environment.py; do not edit.
# target: {"implementation": "CPython", "machine": "arm64", "os_release": "24.4.0", "python": "3.10", "system": "Darwin"}
# pyproject-sha256: d90c1f60f6a84bb25d2e032ef819b025b786309a7a93ed555ed0efa268856f76
# profile: all
# pip-version: 26.1.1

akshare==1.18.88 --hash=sha256:ba0b06ea2d341122e2ef8ed5e4982ff5925f01111e63d7940c8a01aa684578c0
baostock==0.9.4 --hash=sha256:0bf71c6069ab5890ff3596632f9c3f8f1fbc6bfcac582c2f9d6a5c11ab2cfaf8
beautifulsoup4==4.15.0 --hash=sha256:d6f88de62e1d4e38ecb1077eb9724cd0eff29d2a08ca16a401e9b9e93f117cf9
bs4==0.0.2 --hash=sha256:abf8742c0805ef7f662dce4b51cca104cffe52b835238afc169142ab9b3fbccc
certifi==2026.7.22 --hash=sha256:62f22742b58a1a33014a2b6b706588a8d7e2a88ae7bd1a6ebe8c992928483775
cffi==2.1.1 --hash=sha256:ca82be1a1d406ecfe1d25dc16cb33488e5a16bf4438c9fb590484ea29d92478b
charset-normalizer==3.5.1 --hash=sha256:d1ee1e296209fdce05b81b663250eefa02213a2da7b41bf26f7829b8ba3545aa
curl-cffi==0.16.3 --hash=sha256:f3b63da797912bc82911e34dfe449725514e4281527fb516931fc457087cfb44
decorator==5.3.1 --hash=sha256:f47fe6fdbd2edd623ecfe36875d37aba411624e2670dd395dddae1358689bb3c
et-xmlfile==2.0.0 --hash=sha256:7a91720bc756843502c3b7504c77b8fe44217c85c537d85037f0f536151b2caa
exceptiongroup==1.3.1 --hash=sha256:a7a39a3bd276781e98394987d3a5701d0c4edffb633bb7a5144577f82c773598
html5lib==1.1 --hash=sha256:0d78f8fde1c230e99fe37986a60526d7049ed4bf8a9fadbad5f00e22e58e041d
idna==3.20 --hash=sha256:ab7ae7122974553370f0bdb919e1a960b2cd1bc1ef0276416d896db81c14582c
iniconfig==2.3.0 --hash=sha256:f631c04d2c48c52b84d0d0549c99ff3859c98df65b3101406327ecc7d53fbf12
jsonpath==0.82.2 --hash=sha256:d87ef2bcbcded68ee96bc34c1809b69457ecec9b0c4dd471658a12bd391002d1
lxml==6.1.3 --hash=sha256:40bcbd9f94166ffe925811e730607385cec959f42fb1bb7dad83748680465221
mini-racer==0.14.1 --hash=sha256:56cc6965a1665a50d8d613bc43aa83b4cec6b1f09acc69dc4c2845dacb201463
multitasking==0.0.13 --hash=sha256:ec9243af140c67bfe52dc98d7173c294512735a88e8425c458b250db99dc2b48
numpy==2.2.6 --hash=sha256:37e990a01ae6ec7fe7fa1c26c55ecb672dd98b19c3d0e1d1f326fa13cb38d163
openpyxl==3.1.5 --hash=sha256:5282c12b107bffeef825f4617dc029afaf41d0ea60823bbb665ef3079dc79de2
packaging==26.3 --hash=sha256:d7193f7c8e4e93f444fde0262bf90af30e16fa0ad0ad44cb553c87339b23cd1c
pandas==2.3.3 --hash=sha256:e19d192383eab2f4ceb30b412b22ea30690c9e618f78870357ae1d682912015a
peewee==4.5.1 --hash=sha256:dbbdc93e9be08d1df49ceed48dc5d609bfeda6112848086f1f6c1f1debe70975
platformdirs==4.11.15 --hash=sha256:84508421c77d3c6462e71dd8c0d2776c2ace0e94eb006dc4fd383bc1dcf5a176
pluggy==1.6.0 --hash=sha256:e920276dd6813095e9377c0bc5566d94c932c33b27a3e3945d8389c374dd4746
protobuf==7.36.2 --hash=sha256:cbc70b17ee27e28894c7fee8bb04be1abead49e936bc70eb60052531eee2079e
pycparser==3.0 --hash=sha256:b727414169a36b7d524c1c3e31839a521725078d7b2ff038656844266160a992
pygments==2.21.0 --hash=sha256:2363c69b61c4a97c838da3b130dcd6468f4848992b21a82f2a63ec34377137d9
pytest==9.1.1 --hash=sha256:37a86b45efb9a47a61a36449063e8e18d0cab3161329fc099eb21783169c4f0c
python-dateutil==2.9.0.post0 --hash=sha256:a8b2bc7bffae282281c8140a97d3aa9c14da0b136dfe83f850eea9a5f7470427
pytz==2026.4 --hash=sha256:9d514388fbc89ca0833203464272ac485b8828568ab73532f5020f17e892a0ff
pyyaml==6.0.3 --hash=sha256:02ea2dfa234451bbb8772601d7b8e426c2bfa197136796224e50e35a78777956
requests==2.34.2 --hash=sha256:2a0d60c172f83ac6ab31e4554906c0f3b3588d37b5cb939b1c061f4907e278e0
setuptools==82.0.1 --hash=sha256:a59e362652f08dcd477c78bb6e7bd9d80a7995bc73ce773050228a348ce2e5bb
simplejson==4.1.2 --hash=sha256:d0b62163144dbc0dfc78df632a64ada3ce2e0760b65ead0f42e7d9c69be6f16f
six==1.17.0 --hash=sha256:4721f391ed90541fddacab5acf947aa0d3dc7d27b2e1e8eda2be8970586c3274
soupsieve==2.10 --hash=sha256:8596eb8967d744174820280fa62b4542a2e955bfaccca73ed8a13c6eb8e9b502
tabulate==0.10.0 --hash=sha256:f0b0622e567335c8fabaaa659f1b33bcb6ddfe2e496071b743aa113f8774f2d3
tomli==2.4.1 --hash=sha256:0d85819802132122da43cb86656f8d1f8c6587d54ae7dcaf30e90533028b49fe
tqdm==4.70.1 --hash=sha256:c293e525e6fef9c20e8728fd4612df02a0aa31bb5fe91ecd93e123b1b7bffa73
tushare==1.4.29 --hash=sha256:82554af953ea5ac3d8771d42330493181031c7e68dccce03a491c7356e9ba4b2
typing-extensions==4.16.0 --hash=sha256:481caa481374e813c1b176ada14e97f1f67a4539ce9cfeb3f350d78d6370c2e8
tzdata==2026.4 --hash=sha256:c2169a8b0a7a5e9674da5a135ccdfb2b3e671b333ed9fed17b41f73c34476e81
urllib3==2.8.0 --hash=sha256:0cf3cae568d36aa9576b28dfb35f11328f1cb974ca7647d9475ebb86c75ac6e3
webencodings==0.6.1 --hash=sha256:7fab6269c8bf237c657876b52058ccb182e861518d1c695c1a9aaa8c1c105d5b
websocket-client==1.9.2 --hash=sha256:e1a673830a9c7bfa47b1cd3d5e4178f4c9651d80a4eab02c9c23a1c3ec6250ce
websockets==16.1.1 --hash=sha256:9246a0d063cfcbcc85f2359dd6876d681213f4790832272aa16641b4ed5d64d4
wheel==0.48.0 --hash=sha256:3217dcc807155e45db462d7ef2431f5ddda0d7273b700d05a67b271ceb1287ab
xlrd==2.0.2 --hash=sha256:ea762c3d29f4cca48d82df517b6d89fbce4db3107f9d78713e48cd321d5c9aa9
yfinance==1.7.0 --hash=sha256:91281ecd1f71069a37155ff8653aff2d3085f3492bd8721f18b70955da62911a
